Microsoft Visual Studio Solution File, Format Version 12.00
# Visual Studio Version 16
VisualStudioVersion = 16.0.29306.81
MinimumVisualStudioVersion = 10.0.40219.1
Project("{2150E333-8FDC-42A3-9474-1A3956D46DE8}") = "Solution Items", "Solution Items", "{81C8E36E-2CF4-4ECA-B177-71E361EECFAF}"
	ProjectSection(SolutionItems) = preProject
		.editorconfig = .editorconfig
		.gitattributes = .gitattributes
		.gitignore = .gitignore
		.whitesource = .whitesource
		appveyor.yml = appveyor.yml
		build.ps1 = build.ps1
		CONTRIBUTING.md = CONTRIBUTING.md
		FontAwesome.Sharp.v3.ncrunchsolution = FontAwesome.Sharp.v3.ncrunchsolution
		GitVersion.yml = GitVersion.yml
		global.json = global.json
		LICENSE = LICENSE
		package-lock.json = package-lock.json
		package.json = package.json
		README.md = README.md
		solution.targets = solution.targets
		SolutionInfo.cs = SolutionInfo.cs
		Update-Fonts.ps1 = Update-Fonts.ps1
		xunit.runner.json = xunit.runner.json
	EndProjectSection
EndProject
Project("{9A19103F-16F7-4668-BE54-9A1E7A4F7556}") = "FontEnumGenerator", "FontEnumGenerator\FontEnumGenerator.csproj", "{F570BCCB-D937-4D7F-815A-348612602025}"
EndProject
Project("{9A19103F-16F7-4668-BE54-9A1E7A4F7556}") = "FontAwesome.Sharp", "FontAwesome.Sharp\FontAwesome.Sharp.csproj", "{DBFB4AD9-ED5E-437A-A4FA-D01461F3F630}"
EndProject
Project("{9A19103F-16F7-4668-BE54-9A1E7A4F7556}") = "FontAwesome.Sharp.Tests", "FontAwesome.Sharp.Tests\FontAwesome.Sharp.Tests.csproj", "{05A166B4-0EF2-4125-BB55-79C5271B5CE8}"
EndProject
Project("{2150E333-8FDC-42A3-9474-1A3956D46DE8}") = "Tests", "Tests", "{482C8EF2-CE3B-4F02-A1CE-8711A3650A5F}"
EndProject
Project("{9A19103F-16F7-4668-BE54-9A1E7A4F7556}") = "TestForms", "TestForms\TestForms.csproj", "{E658D377-C50B-416A-9FC8-128036AC6977}"
EndProject
Project("{9A19103F-16F7-4668-BE54-9A1E7A4F7556}") = "TestWpf", "TestWpf\TestWpf.csproj", "{5AD193B1-62F1-4062-8EE1-DD6F5E845F38}"
EndProject
Project("{9A19103F-16F7-4668-BE54-9A1E7A4F7556}") = "_build", "build\_build.csproj", "{05F18261-6B1E-4352-9D25-0B5F6DAF80F1}"
EndProject
Project("{9A19103F-16F7-4668-BE54-9A1E7A4F7556}") = "FontAwesome.Sharp.Pro", "FontAwesome.Sharp.Pro\FontAwesome.Sharp.Pro.csproj", "{151777B2-780C-46C0-A9A3-36E047939EA8}"
EndProject
Project("{FAE04EC0-301F-11D3-BF4B-00C04F79EFBC}") = "FontAwesome.Sharp.Material", "FontAwesome.Sharp.Material\FontAwesome.Sharp.Material.csproj", "{2702D34B-05B9-44C1-830F-00FF2CDB5176}"
EndProject
Global
	GlobalSection(SolutionConfigurationPlatforms) = preSolution
		Debug|Any CPU = Debug|Any CPU
		Release|Any CPU = Release|Any CPU
	EndGlobalSection
	GlobalSection(ProjectConfigurationPlatforms) = postSolution
		{F570BCCB-D937-4D7F-815A-348612602025}.Debug|Any CPU.ActiveCfg = Debug|Any CPU
		{F570BCCB-D937-4D7F-815A-348612602025}.Debug|Any CPU.Build.0 = Debug|Any CPU
		{F570BCCB-D937-4D7F-815A-348612602025}.Release|Any CPU.ActiveCfg = Release|Any CPU
		{F570BCCB-D937-4D7F-815A-348612602025}.Release|Any CPU.Build.0 = Release|Any CPU
		{DBFB4AD9-ED5E-437A-A4FA-D01461F3F630}.Debug|Any CPU.ActiveCfg = Debug|Any CPU
		{DBFB4AD9-ED5E-437A-A4FA-D01461F3F630}.Debug|Any CPU.Build.0 = Debug|Any CPU
		{DBFB4AD9-ED5E-437A-A4FA-D01461F3F630}.Release|Any CPU.ActiveCfg = Release|Any CPU
		{DBFB4AD9-ED5E-437A-A4FA-D01461F3F630}.Release|Any CPU.Build.0 = Release|Any CPU
		{05A166B4-0EF2-4125-BB55-79C5271B5CE8}.Debug|Any CPU.ActiveCfg = Debug|Any CPU
		{05A166B4-0EF2-4125-BB55-79C5271B5CE8}.Debug|Any CPU.Build.0 = Debug|Any CPU
		{05A166B4-0EF2-4125-BB55-79C5271B5CE8}.Release|Any CPU.ActiveCfg = Release|Any CPU
		{05A166B4-0EF2-4125-BB55-79C5271B5CE8}.Release|Any CPU.Build.0 = Release|Any CPU
		{E658D377-C50B-416A-9FC8-128036AC6977}.Debug|Any CPU.ActiveCfg = Debug|Any CPU
		{E658D377-C50B-416A-9FC8-128036AC6977}.Debug|Any CPU.Build.0 = Debug|Any CPU
		{E658D377-C50B-416A-9FC8-128036AC6977}.Release|Any CPU.ActiveCfg = Release|Any CPU
		{E658D377-C50B-416A-9FC8-128036AC6977}.Release|Any CPU.Build.0 = Release|Any CPU
		{5AD193B1-62F1-4062-8EE1-DD6F5E845F38}.Debug|Any CPU.ActiveCfg = Debug|Any CPU
		{5AD193B1-62F1-4062-8EE1-DD6F5E845F38}.Debug|Any CPU.Build.0 = Debug|Any CPU
		{5AD193B1-62F1-4062-8EE1-DD6F5E845F38}.Release|Any CPU.ActiveCfg = Release|Any CPU
		{5AD193B1-62F1-4062-8EE1-DD6F5E845F38}.Release|Any CPU.Build.0 = Release|Any CPU
		{05F18261-6B1E-4352-9D25-0B5F6DAF80F1}.Debug|Any CPU.ActiveCfg = Debug|Any CPU
		{05F18261-6B1E-4352-9D25-0B5F6DAF80F1}.Release|Any CPU.ActiveCfg = Release|Any CPU
		{151777B2-780C-46C0-A9A3-36E047939EA8}.Debug|Any CPU.ActiveCfg = Debug|Any CPU
		{151777B2-780C-46C0-A9A3-36E047939EA8}.Debug|Any CPU.Build.0 = Debug|Any CPU
		{151777B2-780C-46C0-A9A3-36E047939EA8}.Release|Any CPU.ActiveCfg = Release|Any CPU
		{151777B2-780C-46C0-A9A3-36E047939EA8}.Release|Any CPU.Build.0 = Release|Any CPU
		{2702D34B-05B9-44C1-830F-00FF2CDB5176}.Debug|Any CPU.ActiveCfg = Debug|Any CPU
		{2702D34B-05B9-44C1-830F-00FF2CDB5176}.Debug|Any CPU.Build.0 = Debug|Any CPU
		{2702D34B-05B9-44C1-830F-00FF2CDB5176}.Release|Any CPU.ActiveCfg = Release|Any CPU
		{2702D34B-05B9-44C1-830F-00FF2CDB5176}.Release|Any CPU.Build.0 = Release|Any CPU
	EndGlobalSection
	GlobalSection(SolutionProperties) = preSolution
		HideSolutionNode = FALSE
	EndGlobalSection
	GlobalSection(NestedProjects) = preSolution
		{E658D377-C50B-416A-9FC8-128036AC6977} = {482C8EF2-CE3B-4F02-A1CE-8711A3650A5F}
		{5AD193B1-62F1-4062-8EE1-DD6F5E845F38} = {482C8EF2-CE3B-4F02-A1CE-8711A3650A5F}
	EndGlobalSection
	GlobalSection(ExtensibilityGlobals) = postSolution
		SolutionGuid = {5715E097-E80B-4B5B-8D03-B9EA5DDB1C14}
	EndGlobalSection
EndGlobal
