Microsoft Visual Studio Solution File, Format Version 12.00
# Visual Studio 14
VisualStudioVersion = 14.0.23107.0
MinimumVisualStudioVersion = 10.0.40219.1
Project("{FAE04EC0-301F-11D3-BF4B-00C04F79EFBC}") = "FontAwesome.Sharp", "FontAwesome.Sharp\FontAwesome.Sharp.csproj", "{9098C25A-A6DC-4412-8DEF-DD0262FBFBD7}"
EndProject
Project("{2150E333-8FDC-42A3-9474-1A3956D46DE8}") = "Solution Items", "Solution Items", "{81C8E36E-2CF4-4ECA-B177-71E361EECFAF}"
	ProjectSection(SolutionItems) = preProject
		appveyor.yml = appveyor.yml
		build.bat = build.bat
		empty.targets = empty.targets
		FontAwesome.Sharp.png = FontAwesome.Sharp.png
		GitVersionConfig.yaml = GitVersionConfig.yaml
		LICENSE = LICENSE
		README.md = README.md
		CONTRIBUTING.md = CONTRIBUTING.md
		solution.targets = solution.targets
		SolutionInfo.cs = SolutionInfo.cs
	EndProjectSection
EndProject
Project("{FAE04EC0-301F-11D3-BF4B-00C04F79EFBC}") = "TestWpf", "TestWpf\TestWpf.csproj", "{5AD193B1-62F1-4062-8EE1-DD6F5E845F38}"
EndProject
Project("{FAE04EC0-301F-11D3-BF4B-00C04F79EFBC}") = "TestForms", "TestForms\TestForms.csproj", "{E658D377-C50B-416A-9FC8-128036AC6977}"
EndProject
Global
	GlobalSection(SolutionConfigurationPlatforms) = preSolution
		Debug|Any CPU = Debug|Any CPU
		Release|Any CPU = Release|Any CPU
	EndGlobalSection
	GlobalSection(ProjectConfigurationPlatforms) = postSolution
		{9098C25A-A6DC-4412-8DEF-DD0262FBFBD7}.Debug|Any CPU.ActiveCfg = Debug|Any CPU
		{9098C25A-A6DC-4412-8DEF-DD0262FBFBD7}.Debug|Any CPU.Build.0 = Debug|Any CPU
		{9098C25A-A6DC-4412-8DEF-DD0262FBFBD7}.Release|Any CPU.ActiveCfg = Release|Any CPU
		{9098C25A-A6DC-4412-8DEF-DD0262FBFBD7}.Release|Any CPU.Build.0 = Release|Any CPU
		{5AD193B1-62F1-4062-8EE1-DD6F5E845F38}.Debug|Any CPU.ActiveCfg = Debug|Any CPU
		{5AD193B1-62F1-4062-8EE1-DD6F5E845F38}.Debug|Any CPU.Build.0 = Debug|Any CPU
		{5AD193B1-62F1-4062-8EE1-DD6F5E845F38}.Release|Any CPU.ActiveCfg = Release|Any CPU
		{5AD193B1-62F1-4062-8EE1-DD6F5E845F38}.Release|Any CPU.Build.0 = Release|Any CPU
		{E658D377-C50B-416A-9FC8-128036AC6977}.Debug|Any CPU.ActiveCfg = Debug|Any CPU
		{E658D377-C50B-416A-9FC8-128036AC6977}.Debug|Any CPU.Build.0 = Debug|Any CPU
		{E658D377-C50B-416A-9FC8-128036AC6977}.Release|Any CPU.ActiveCfg = Release|Any CPU
		{E658D377-C50B-416A-9FC8-128036AC6977}.Release|Any CPU.Build.0 = Release|Any CPU
	EndGlobalSection
	GlobalSection(SolutionProperties) = preSolution
		HideSolutionNode = FALSE
	EndGlobalSection
EndGlobal
