Microsoft Visual Studio Solution File, Format Version 12.00
# Visual Studio Version 16
VisualStudioVersion = 16.0.29306.81
MinimumVisualStudioVersion = 10.0.40219.1
Project("{FAE04EC0-301F-11D3-BF4B-00C04F79EFBC}") = "FontAwesome.Sharp", "FontAwesome.Sharp\FontAwesome.Sharp.csproj", "{9098C25A-A6DC-4412-8DEF-DD0262FBFBD7}"
EndProject
Project("{2150E333-8FDC-42A3-9474-1A3956D46DE8}") = "Solution Items", "Solution Items", "{81C8E36E-2CF4-4ECA-B177-71E361EECFAF}"
	ProjectSection(SolutionItems) = preProject
		.editorconfig = .editorconfig
		.gitattributes = .gitattributes
		.gitignore = .gitignore
		.whitesource = .whitesource
		appveyor.yml = appveyor.yml
		build.cake = build.cake
		build.ps1 = build.ps1
		cake.config = cake.config
		CONTRIBUTING.md = CONTRIBUTING.md
		FontAwesome.Sharp.png = FontAwesome.Sharp.png
		GitVersion.yml = GitVersion.yml
		LICENSE = LICENSE
		package.json = package.json
		README.md = README.md
		solution.targets = solution.targets
		SolutionInfo.cs = SolutionInfo.cs
		yarn.lock = yarn.lock
	EndProjectSection
EndProject
Project("{FAE04EC0-301F-11D3-BF4B-00C04F79EFBC}") = "TestWpf", "TestWpf\TestWpf.csproj", "{5AD193B1-62F1-4062-8EE1-DD6F5E845F38}"
EndProject
Project("{FAE04EC0-301F-11D3-BF4B-00C04F79EFBC}") = "TestForms", "TestForms\TestForms.csproj", "{E658D377-C50B-416A-9FC8-128036AC6977}"
EndProject
Project("{FAE04EC0-301F-11D3-BF4B-00C04F79EFBC}") = "FontAwesome.Sharp.Tests", "FontAwesome.Sharp.Tests\FontAwesome.Sharp.Tests.csproj", "{68723D84-3DE1-42FF-8FBC-9CEEA6485CE3}"
EndProject
Project("{FAE04EC0-301F-11D3-BF4B-00C04F79EFBC}") = "FontEnumGenerator", "FontEnumGenerator\FontEnumGenerator.csproj", "{F570BCCB-D937-4D7F-815A-348612602025}"
EndProject
Global
	GlobalSection(SolutionConfigurationPlatforms) = preSolution
		Debug|Any CPU = Debug|Any CPU
		Release|Any CPU = Release|Any CPU
	EndGlobalSection
	GlobalSection(ProjectConfigurationPlatforms) = postSolution
		{9098C25A-A6DC-4412-8DEF-DD0262FBFBD7}.Debug|Any CPU.ActiveCfg = Debug|Any CPU
		{9098C25A-A6DC-4412-8DEF-DD0262FBFBD7}.Debug|Any CPU.Build.0 = Debug|Any CPU
		{9098C25A-A6DC-4412-8DEF-DD0262FBFBD7}.Release|Any CPU.ActiveCfg = Release|Any CPU
		{9098C25A-A6DC-4412-8DEF-DD0262FBFBD7}.Release|Any CPU.Build.0 = Release|Any CPU
		{5AD193B1-62F1-4062-8EE1-DD6F5E845F38}.Debug|Any CPU.ActiveCfg = Debug|Any CPU
		{5AD193B1-62F1-4062-8EE1-DD6F5E845F38}.Debug|Any CPU.Build.0 = Debug|Any CPU
		{5AD193B1-62F1-4062-8EE1-DD6F5E845F38}.Release|Any CPU.ActiveCfg = Release|Any CPU
		{5AD193B1-62F1-4062-8EE1-DD6F5E845F38}.Release|Any CPU.Build.0 = Release|Any CPU
		{E658D377-C50B-416A-9FC8-128036AC6977}.Debug|Any CPU.ActiveCfg = Debug|Any CPU
		{E658D377-C50B-416A-9FC8-128036AC6977}.Debug|Any CPU.Build.0 = Debug|Any CPU
		{E658D377-C50B-416A-9FC8-128036AC6977}.Release|Any CPU.ActiveCfg = Release|Any CPU
		{E658D377-C50B-416A-9FC8-128036AC6977}.Release|Any CPU.Build.0 = Release|Any CPU
		{68723D84-3DE1-42FF-8FBC-9CEEA6485CE3}.Debug|Any CPU.ActiveCfg = Debug|Any CPU
		{68723D84-3DE1-42FF-8FBC-9CEEA6485CE3}.Debug|Any CPU.Build.0 = Debug|Any CPU
		{68723D84-3DE1-42FF-8FBC-9CEEA6485CE3}.Release|Any CPU.ActiveCfg = Release|Any CPU
		{68723D84-3DE1-42FF-8FBC-9CEEA6485CE3}.Release|Any CPU.Build.0 = Release|Any CPU
		{F570BCCB-D937-4D7F-815A-348612602025}.Debug|Any CPU.ActiveCfg = Debug|Any CPU
		{F570BCCB-D937-4D7F-815A-348612602025}.Debug|Any CPU.Build.0 = Debug|Any CPU
		{F570BCCB-D937-4D7F-815A-348612602025}.Release|Any CPU.ActiveCfg = Release|Any CPU
		{F570BCCB-D937-4D7F-815A-348612602025}.Release|Any CPU.Build.0 = Release|Any CPU
	EndGlobalSection
	GlobalSection(SolutionProperties) = preSolution
		HideSolutionNode = FALSE
	EndGlobalSection
	GlobalSection(ExtensibilityGlobals) = postSolution
		SolutionGuid = {5715E097-E80B-4B5B-8D03-B9EA5DDB1C14}
	EndGlobalSection
EndGlobal
