{
  "name": "fontawesome.sharp",
  "version": "1.0.0",
  "lockfileVersion": 1,
  "requires": true,
  "dependencies": {
    "@fortawesome/fontawesome-free": {
      "version": "5.13.0",
      "resolved": "https://registry.npmjs.org/@fortawesome/fontawesome-free/-/fontawesome-free-5.13.0.tgz",
      "integrity": "sha512-xKOeQEl5O47GPZYIMToj6uuA2syyFlq9EMSl2ui0uytjY9xbe8XS0pexNWmxrdcCyNGyDmLyYw5FtKsalBUeOg==",
      "dev": true
    },
    "@mdi/font": {
      "version": "5.3.45",
      "resolved": "https://registry.npmjs.org/@mdi/font/-/font-5.3.45.tgz",
      "integrity": "sha512-SD5d2vHEKRvDCInZQFXOwiFpBlzpuZOiqwxKf6E+zCt7UDc52TUSrL0+TXqY57VQh/SnTpZVXM+Uvs21OdPFWg==",
      "dev": true
    },
    "prettier": {
      "version": "2.0.5",
      "resolved": "https://registry.npmjs.org/prettier/-/prettier-2.0.5.tgz",
      "integrity": "sha512-7PtVymN48hGcO4fGjybyBSIWDsLU4H4XlvOHfq91pz9kkGlonzwTfYkaIEwiRg/dAJF9YlbsduBAgtYLi+8cFg==",
      "dev": true
    }
  }
}
