{
  "name": "fontawesome.sharp",
  "version": "1.0.0",
  "lockfileVersion": 1,
  "requires": true,
  "dependencies": {
    "@fortawesome/fontawesome-free": {
      "version": "5.11.2",
      "resolved": "https://registry.npmjs.org/@fortawesome/fontawesome-free/-/fontawesome-free-5.11.2.tgz",
      "integrity": "sha512-XiUPoS79r1G7PcpnNtq85TJ7inJWe0v+b5oZJZKb0pGHNIV6+UiNeQWiFGmuQ0aj7GEhnD/v9iqxIsjuRKtEnQ==",
      "dev": true
    },
    "@mdi/font": {
      "version": "4.4.95",
      "resolved": "https://registry.npmjs.org/@mdi/font/-/font-4.4.95.tgz",
      "integrity": "sha512-9BSvtpDF83dQ06VmwCeXTebzZZisIf4u6d62uC53oD6bzBUEMqiQrbW+oxyFrBYn3VxttRt/MKuL/wKUV9HWmA==",
      "dev": true
    }
  }
}
