{
  "name": "fontawesome.sharp",
  "version": "1.0.0",
  "lockfileVersion": 1,
  "requires": true,
  "dependencies": {
    "@fortawesome/fontawesome-free": {
      "version": "5.12.1",
      "resolved": "https://registry.npmjs.org/@fortawesome/fontawesome-free/-/fontawesome-free-5.12.1.tgz",
      "integrity": "sha512-ZtjIIFplxncqxvogq148C3hBLQE+W3iJ8E4UvJ09zIJUgzwLcROsWwFDErVSXY2Plzao5J9KUYNHKHMEUYDMKw==",
      "dev": true
    },
    "@mdi/font": {
      "version": "5.0.45",
      "resolved": "https://registry.npmjs.org/@mdi/font/-/font-5.0.45.tgz",
      "integrity": "sha512-3sOO/UMyQqrmizW5zjvhKJP4FZFO7LblRw4G0alDxK1ekUwNxNXI7hYv8ACAv8H44riBuqlVJ7u39XDqv/Xwuw==",
      "dev": true
    }
  }
}
