# THIS IS AN AUTOGENERATED FILE. DO NOT EDIT THIS FILE DIRECTLY.
# yarn lockfile v1


"@fortawesome/fontawesome-free@^5.4.1":
  version "5.4.1"
  resolved "https://registry.yarnpkg.com/@fortawesome/fontawesome-free/-/fontawesome-free-5.4.1.tgz#6194786c1a705ab84253e06429834466670e3c3f"
  integrity sha512-ZcxfUmLFl4RLG71cPeZcTXRa6rt3xLnMmomAb7aYKRzUmlRRj7E8EVqSwYSXBiV2x6XpSQmGOQmNQx6HSeSwVQ==

"@mdi/font@^2.8.94":
  version "2.8.94"
  resolved "https://registry.yarnpkg.com/@mdi/font/-/font-2.8.94.tgz#b6d55026693f4ac5c38ec01e05e2ec412a215673"
  integrity sha512-QSmuK0BedRMDSgh7RCOc0yO+cAHAaAKfj11BPv0XDxvGKNNKGRqDJcJKdrWUpVmO1/xiFLWfPEmqMi/PKwvjcg==
